// !$*UTF8*$!
{
	archiveVersion = 1;
	classes = {
	};
	objectVersion = 50;
	objects = {

/* Begin PBXBuildFile section */
		22169BA8221412EB007B0EFE /* MSPageScrollView.m in Sources */ = {isa = PBXBuildFile; fileRef = 22169BA7221412EB007B0EFE /* MSPageScrollView.m */; };
		22169BAB2214130C007B0EFE /* MSPageTableView.m in Sources */ = {isa = PBXBuildFile; fileRef = 22169BAA2214130C007B0EFE /* MSPageTableView.m */; };
		22169BAE22143100007B0EFE /* MSListViewController.m in Sources */ = {isa = PBXBuildFile; fileRef = 22169BAD22143100007B0EFE /* MSListViewController.m */; };
		22169BB122143119007B0EFE /* MSHeaderView.m in Sources */ = {isa = PBXBuildFile; fileRef = 22169BB022143119007B0EFE /* MSHeaderView.m */; };
		22FDF6FE21EED762000C189D /* AppDelegate.m in Sources */ = {isa = PBXBuildFile; fileRef = 22FDF6FD21EED762000C189D /* AppDelegate.m */; };
		22FDF70121EED762000C189D /* ViewController.m in Sources */ = {isa = PBXBuildFile; fileRef = 22FDF70021EED762000C189D /* ViewController.m */; };
		22FDF70421EED762000C189D /* Main.storyboard in Resources */ = {isa = PBXBuildFile; fileRef = 22FDF70221EED762000C189D /* Main.storyboard */; };
		22FDF70621EED764000C189D /* Assets.xcassets in Resources */ = {isa = PBXBuildFile; fileRef = 22FDF70521EED764000C189D /* Assets.xcassets */; };
		22FDF70921EED765000C189D /* LaunchScreen.storyboard in Resources */ = {isa = PBXBuildFile; fileRef = 22FDF70721EED765000C189D /* LaunchScreen.storyboard */; };
		22FDF70C21EED765000C189D /* main.m in Sources */ = {isa = PBXBuildFile; fileRef = 22FDF70B21EED765000C189D /* main.m */; };
		22FDF71721EED79F000C189D /* MainViewController.m in Sources */ = {isa = PBXBuildFile; fileRef = 22FDF71621EED79F000C189D /* MainViewController.m */; };
		34A42CEFF866F5F04F11F76F /* libPods-PageController.a in Frameworks */ = {isa = PBXBuildFile; fileRef = 2FEBAD00748512206C9E1594 /* libPods-PageController.a */; };
/* End PBXBuildFile section */

/* Begin PBXFileReference section */
		07E2C45AD25FF6D18E94152C /* Pods-PageController.release.xcconfig */ = {isa = PBXFileReference; includeInIndex = 1; lastKnownFileType = text.xcconfig; name = "Pods-PageController.release.xcconfig"; path = "Pods/Target Support Files/Pods-PageController/Pods-PageController.release.xcconfig"; sourceTree = "<group>"; };
		22169BA6221412EB007B0EFE /* MSPageScrollView.h */ = {isa = PBXFileReference; lastKnownFileType = sourcecode.c.h; path = MSPageScrollView.h; sourceTree = "<group>"; };
		22169BA7221412EB007B0EFE /* MSPageScrollView.m */ = {isa = PBXFileReference; lastKnownFileType = sourcecode.c.objc; path = MSPageScrollView.m; sourceTree = "<group>"; };
		22169BA92214130C007B0EFE /* MSPageTableView.h */ = {isa = PBXFileReference; lastKnownFileType = sourcecode.c.h; path = MSPageTableView.h; sourceTree = "<group>"; };
		22169BAA2214130C007B0EFE /* MSPageTableView.m */ = {isa = PBXFileReference; lastKnownFileType = sourcecode.c.objc; path = MSPageTableView.m; sourceTree = "<group>"; };
		22169BAC22143100007B0EFE /* MSListViewController.h */ = {isa = PBXFileReference; lastKnownFileType = sourcecode.c.h; path = MSListViewController.h; sourceTree = "<group>"; };
		22169BAD22143100007B0EFE /* MSListViewController.m */ = {isa = PBXFileReference; lastKnownFileType = sourcecode.c.objc; path = MSListViewController.m; sourceTree = "<group>"; };
		22169BAF22143119007B0EFE /* MSHeaderView.h */ = {isa = PBXFileReference; lastKnownFileType = sourcecode.c.h; path = MSHeaderView.h; sourceTree = "<group>"; };
		22169BB022143119007B0EFE /* MSHeaderView.m */ = {isa = PBXFileReference; lastKnownFileType = sourcecode.c.objc; path = MSHeaderView.m; sourceTree = "<group>"; };
		22169BD6221434BD007B0EFE /* PrefixHeader.pch */ = {isa = PBXFileReference; lastKnownFileType = sourcecode.c.h; path = PrefixHeader.pch; sourceTree = "<group>"; };
		22FDF6F921EED762000C189D /* PageController.app */ = {isa = PBXFileReference; explicitFileType = wrapper.application; includeInIndex = 0; path = PageController.app; sourceTree = BUILT_PRODUCTS_DIR; };
		22FDF6FC21EED762000C189D /* AppDelegate.h */ = {isa = PBXFileReference; lastKnownFileType = sourcecode.c.h; path = AppDelegate.h; sourceTree = "<group>"; };
		22FDF6FD21EED762000C189D /* AppDelegate.m */ = {isa = PBXFileReference; lastKnownFileType = sourcecode.c.objc; path = AppDelegate.m; sourceTree = "<group>"; };
		22FDF6FF21EED762000C189D /* ViewController.h */ = {isa = PBXFileReference; lastKnownFileType = sourcecode.c.h; path = ViewController.h; sourceTree = "<group>"; };
		22FDF70021EED762000C189D /* ViewController.m */ = {isa = PBXFileReference; lastKnownFileType = sourcecode.c.objc; path = ViewController.m; sourceTree = "<group>"; };
		22FDF70321EED762000C189D /* Base */ = {isa = PBXFileReference; lastKnownFileType = file.storyboard; name = Base; path = Base.lproj/Main.storyboard; sourceTree = "<group>"; };
		22FDF70521EED764000C189D /* Assets.xcassets */ = {isa = PBXFileReference; lastKnownFileType = folder.assetcatalog; path = Assets.xcassets; sourceTree = "<group>"; };
		22FDF70821EED765000C189D /* Base */ = {isa = PBXFileReference; lastKnownFileType = file.storyboard; name = Base; path = Base.lproj/LaunchScreen.storyboard; sourceTree = "<group>"; };
		22FDF70A21EED765000C189D /* Info.plist */ = {isa = PBXFileReference; lastKnownFileType = text.plist.xml; path = Info.plist; sourceTree = "<group>"; };
		22FDF70B21EED765000C189D /* main.m */ = {isa = PBXFileReference; lastKnownFileType = sourcecode.c.objc; path = main.m; sourceTree = "<group>"; };
		22FDF71521EED79F000C189D /* MainViewController.h */ = {isa = PBXFileReference; lastKnownFileType = sourcecode.c.h; path = MainViewController.h; sourceTree = "<group>"; };
		22FDF71621EED79F000C189D /* MainViewController.m */ = {isa = PBXFileReference; lastKnownFileType = sourcecode.c.objc; path = MainViewController.m; sourceTree = "<group>"; };
		2FEBAD00748512206C9E1594 /* libPods-PageController.a */ = {isa = PBXFileReference; explicitFileType = archive.ar; includeInIndex = 0; path = "libPods-PageController.a"; sourceTree = BUILT_PRODUCTS_DIR; };
		56988D1D2DCCF6C8769C7EAA /* Pods-PageController.debug.xcconfig */ = {isa = PBXFileReference; includeInIndex = 1; lastKnownFileType = text.xcconfig; name = "Pods-PageController.debug.xcconfig"; path = "Pods/Target Support Files/Pods-PageController/Pods-PageController.debug.xcconfig"; sourceTree = "<group>"; };
/* End PBXFileReference section */

/* Begin PBXFrameworksBuildPhase section */
		22FDF6F621EED762000C189D /* Frameworks */ = {
			isa = PBXFrameworksBuildPhase;
			buildActionMask = 2147483647;
			files = (
				34A42CEFF866F5F04F11F76F /* libPods-PageController.a in Frameworks */,
			);
			runOnlyForDeploymentPostprocessing = 0;
		};
/* End PBXFrameworksBuildPhase section */

/* Begin PBXGroup section */
		2255823321EF63E3007C71D1 /* CustomPageView */ = {
			isa = PBXGroup;
			children = (
				22169BA6221412EB007B0EFE /* MSPageScrollView.h */,
				22169BA7221412EB007B0EFE /* MSPageScrollView.m */,
				22169BA92214130C007B0EFE /* MSPageTableView.h */,
				22169BAA2214130C007B0EFE /* MSPageTableView.m */,
			);
			path = CustomPageView;
			sourceTree = "<group>";
		};
		22FDF6F021EED762000C189D = {
			isa = PBXGroup;
			children = (
				22FDF6FB21EED762000C189D /* PageController */,
				22FDF6FA21EED762000C189D /* Products */,
				2B348EE3DA1EE51EE6411FB6 /* Pods */,
				C38859108CF974418F2C58BF /* Frameworks */,
			);
			sourceTree = "<group>";
		};
		22FDF6FA21EED762000C189D /* Products */ = {
			isa = PBXGroup;
			children = (
				22FDF6F921EED762000C189D /* PageController.app */,
			);
			name = Products;
			sourceTree = "<group>";
		};
		22FDF6FB21EED762000C189D /* PageController */ = {
			isa = PBXGroup;
			children = (
				2255823321EF63E3007C71D1 /* CustomPageView */,
				22FDF71321EED780000C189D /* Main */,
				22FDF71221EED777000C189D /* basic */,
				22FDF70521EED764000C189D /* Assets.xcassets */,
				22FDF70721EED765000C189D /* LaunchScreen.storyboard */,
				22FDF70A21EED765000C189D /* Info.plist */,
				22FDF70B21EED765000C189D /* main.m */,
				22169BD6221434BD007B0EFE /* PrefixHeader.pch */,
			);
			path = PageController;
			sourceTree = "<group>";
		};
		22FDF71221EED777000C189D /* basic */ = {
			isa = PBXGroup;
			children = (
				22FDF6FC21EED762000C189D /* AppDelegate.h */,
				22FDF6FD21EED762000C189D /* AppDelegate.m */,
				22FDF6FF21EED762000C189D /* ViewController.h */,
				22FDF70021EED762000C189D /* ViewController.m */,
				22FDF70221EED762000C189D /* Main.storyboard */,
			);
			path = basic;
			sourceTree = "<group>";
		};
		22FDF71321EED780000C189D /* Main */ = {
			isa = PBXGroup;
			children = (
				22FDF71521EED79F000C189D /* MainViewController.h */,
				22FDF71621EED79F000C189D /* MainViewController.m */,
				22169BAC22143100007B0EFE /* MSListViewController.h */,
				22169BAD22143100007B0EFE /* MSListViewController.m */,
				22169BAF22143119007B0EFE /* MSHeaderView.h */,
				22169BB022143119007B0EFE /* MSHeaderView.m */,
			);
			path = Main;
			sourceTree = "<group>";
		};
		2B348EE3DA1EE51EE6411FB6 /* Pods */ = {
			isa = PBXGroup;
			children = (
				56988D1D2DCCF6C8769C7EAA /* Pods-PageController.debug.xcconfig */,
				07E2C45AD25FF6D18E94152C /* Pods-PageController.release.xcconfig */,
			);
			name = Pods;
			sourceTree = "<group>";
		};
		C38859108CF974418F2C58BF /* Frameworks */ = {
			isa = PBXGroup;
			children = (
				2FEBAD00748512206C9E1594 /* libPods-PageController.a */,
			);
			name = Frameworks;
			sourceTree = "<group>";
		};
/* End PBXGroup section */

/* Begin PBXNativeTarget section */
		22FDF6F821EED762000C189D /* PageController */ = {
			isa = PBXNativeTarget;
			buildConfigurationList = 22FDF70F21EED765000C189D /* Build configuration list for PBXNativeTarget "PageController" */;
			buildPhases = (
				DD231DF2C601B08FA244A9AA /* [CP] Check Pods Manifest.lock */,
				22FDF6F521EED762000C189D /* Sources */,
				22FDF6F621EED762000C189D /* Frameworks */,
				22FDF6F721EED762000C189D /* Resources */,
				98F6AF0755D819979129CF74 /* [CP] Copy Pods Resources */,
			);
			buildRules = (
			);
			dependencies = (
			);
			name = PageController;
			productName = PageController;
			productReference = 22FDF6F921EED762000C189D /* PageController.app */;
			productType = "com.apple.product-type.application";
		};
/* End PBXNativeTarget section */

/* Begin PBXProject section */
		22FDF6F121EED762000C189D /* Project object */ = {
			isa = PBXProject;
			attributes = {
				LastUpgradeCheck = 1010;
				ORGANIZATIONNAME = zzg;
				TargetAttributes = {
					22FDF6F821EED762000C189D = {
						CreatedOnToolsVersion = 10.1;
					};
				};
			};
			buildConfigurationList = 22FDF6F421EED762000C189D /* Build configuration list for PBXProject "PageController" */;
			compatibilityVersion = "Xcode 9.3";
			developmentRegion = en;
			hasScannedForEncodings = 0;
			knownRegions = (
				en,
				Base,
			);
			mainGroup = 22FDF6F021EED762000C189D;
			productRefGroup = 22FDF6FA21EED762000C189D /* Products */;
			projectDirPath = "";
			projectRoot = "";
			targets = (
				22FDF6F821EED762000C189D /* PageController */,
			);
		};
/* End PBXProject section */

/* Begin PBXResourcesBuildPhase section */
		22FDF6F721EED762000C189D /* Resources */ = {
			isa = PBXResourcesBuildPhase;
			buildActionMask = 2147483647;
			files = (
				22FDF70921EED765000C189D /* LaunchScreen.storyboard in Resources */,
				22FDF70621EED764000C189D /* Assets.xcassets in Resources */,
				22FDF70421EED762000C189D /* Main.storyboard in Resources */,
			);
			runOnlyForDeploymentPostprocessing = 0;
		};
/* End PBXResourcesBuildPhase section */

/* Begin PBXShellScriptBuildPhase section */
		98F6AF0755D819979129CF74 /* [CP] Copy Pods Resources */ = {
			isa = PBXShellScriptBuildPhase;
			buildActionMask = 2147483647;
			files = (
			);
			inputPaths = (
				"${SRCROOT}/Pods/Target Support Files/Pods-PageController/Pods-PageController-resources.sh",
				"${PODS_ROOT}/MJRefresh/MJRefresh/MJRefresh.bundle",
			);
			name = "[CP] Copy Pods Resources";
			outputPaths = (
				"${TARGET_BUILD_DIR}/${UNLOCALIZED_RESOURCES_FOLDER_PATH}/MJRefresh.bundle",
			);
			runOnlyForDeploymentPostprocessing = 0;
			shellPath = /bin/sh;
			shellScript = "\"${SRCROOT}/Pods/Target Support Files/Pods-PageController/Pods-PageController-resources.sh\"\n";
			showEnvVarsInLog = 0;
		};
		DD231DF2C601B08FA244A9AA /* [CP] Check Pods Manifest.lock */ = {
			isa = PBXShellScriptBuildPhase;
			buildActionMask = 2147483647;
			files = (
			);
			inputPaths = (
				"${PODS_PODFILE_DIR_PATH}/Podfile.lock",
				"${PODS_ROOT}/Manifest.lock",
			);
			name = "[CP] Check Pods Manifest.lock";
			outputPaths = (
				"$(DERIVED_FILE_DIR)/Pods-PageController-checkManifestLockResult.txt",
			);
			runOnlyForDeploymentPostprocessing = 0;
			shellPath = /bin/sh;
			shellScript = "diff \"${PODS_PODFILE_DIR_PATH}/Podfile.lock\" \"${PODS_ROOT}/Manifest.lock\" > /dev/null\nif [ $? != 0 ] ; then\n    # print error to STDERR\n    echo \"error: The sandbox is not in sync with the Podfile.lock. Run 'pod install' or update your CocoaPods installation.\" >&2\n    exit 1\nfi\n# This output is used by Xcode 'outputs' to avoid re-running this script phase.\necho \"SUCCESS\" > \"${SCRIPT_OUTPUT_FILE_0}\"\n";
			showEnvVarsInLog = 0;
		};
/* End PBXShellScriptBuildPhase section */

/* Begin PBXSourcesBuildPhase section */
		22FDF6F521EED762000C189D /* Sources */ = {
			isa = PBXSourcesBuildPhase;
			buildActionMask = 2147483647;
			files = (
				22FDF70121EED762000C189D /* ViewController.m in Sources */,
				22FDF70C21EED765000C189D /* main.m in Sources */,
				22169BAB2214130C007B0EFE /* MSPageTableView.m in Sources */,
				22169BAE22143100007B0EFE /* MSListViewController.m in Sources */,
				22FDF6FE21EED762000C189D /* AppDelegate.m in Sources */,
				22169BB122143119007B0EFE /* MSHeaderView.m in Sources */,
				22FDF71721EED79F000C189D /* MainViewController.m in Sources */,
				22169BA8221412EB007B0EFE /* MSPageScrollView.m in Sources */,
			);
			runOnlyForDeploymentPostprocessing = 0;
		};
/* End PBXSourcesBuildPhase section */

/* Begin PBXVariantGroup section */
		22FDF70221EED762000C189D /* Main.storyboard */ = {
			isa = PBXVariantGroup;
			children = (
				22FDF70321EED762000C189D /* Base */,
			);
			name = Main.storyboard;
			sourceTree = "<group>";
		};
		22FDF70721EED765000C189D /* LaunchScreen.storyboard */ = {
			isa = PBXVariantGroup;
			children = (
				22FDF70821EED765000C189D /* Base */,
			);
			name = LaunchScreen.storyboard;
			sourceTree = "<group>";
		};
/* End PBXVariantGroup section */

/* Begin XCBuildConfiguration section */
		22FDF70D21EED765000C189D /* Debug */ = {
			isa = XCBuildConfiguration;
			buildSettings = {
				ALWAYS_SEARCH_USER_PATHS = NO;
				CLANG_ANALYZER_NONNULL = YES;
				CLANG_ANALYZER_NUMBER_OBJECT_CONVERSION = YES_AGGRESSIVE;
				CLANG_CXX_LANGUAGE_STANDARD = "gnu++14";
				CLANG_CXX_LIBRARY = "libc++";
				CLANG_ENABLE_MODULES = YES;
				CLANG_ENABLE_OBJC_ARC = YES;
				CLANG_ENABLE_OBJC_WEAK = YES;
				CLANG_WARN_BLOCK_CAPTURE_AUTORELEASING = YES;
				CLANG_WARN_BOOL_CONVERSION = YES;
				CLANG_WARN_COMMA = YES;
				CLANG_WARN_CONSTANT_CONVERSION = YES;
				CLANG_WARN_DEPRECATED_OBJC_IMPLEMENTATIONS = YES;
				CLANG_WARN_DIRECT_OBJC_ISA_USAGE = YES_ERROR;
				CLANG_WARN_DOCUMENTATION_COMMENTS = YES;
				CLANG_WARN_EMPTY_BODY = YES;
				CLANG_WARN_ENUM_CONVERSION = YES;
				CLANG_WARN_INFINITE_RECURSION = YES;
				CLANG_WARN_INT_CONVERSION = YES;
				CLANG_WARN_NON_LITERAL_NULL_CONVERSION = YES;
				CLANG_WARN_OBJC_IMPLICIT_RETAIN_SELF = YES;
				CLANG_WARN_OBJC_LITERAL_CONVERSION = YES;
				CLANG_WARN_OBJC_ROOT_CLASS = YES_ERROR;
				CLANG_WARN_RANGE_LOOP_ANALYSIS = YES;
				CLANG_WARN_STRICT_PROTOTYPES = YES;
				CLANG_WARN_SUSPICIOUS_MOVE = YES;
				CLANG_WARN_UNGUARDED_AVAILABILITY = YES_AGGRESSIVE;
				CLANG_WARN_UNREACHABLE_CODE = YES;
				CLANG_WARN__DUPLICATE_METHOD_MATCH = YES;
				CODE_SIGN_IDENTITY = "iPhone Developer";
				COPY_PHASE_STRIP = NO;
				DEBUG_INFORMATION_FORMAT = dwarf;
				ENABLE_STRICT_OBJC_MSGSEND = YES;
				ENABLE_TESTABILITY = YES;
				GCC_C_LANGUAGE_STANDARD = gnu11;
				GCC_DYNAMIC_NO_PIC = NO;
				GCC_NO_COMMON_BLOCKS = YES;
				GCC_OPTIMIZATION_LEVEL = 0;
				GCC_PREPROCESSOR_DEFINITIONS = (
					"DEBUG=1",
					"$(inherited)",
				);
				GCC_WARN_64_TO_32_BIT_CONVERSION = YES;
				GCC_WARN_ABOUT_RETURN_TYPE = YES_ERROR;
				GCC_WARN_UNDECLARED_SELECTOR = YES;
				GCC_WARN_UNINITIALIZED_AUTOS = YES_AGGRESSIVE;
				GCC_WARN_UNUSED_FUNCTION = YES;
				GCC_WARN_UNUSED_VARIABLE = YES;
				IPHONEOS_DEPLOYMENT_TARGET = 12.1;
				MTL_ENABLE_DEBUG_INFO = INCLUDE_SOURCE;
				MTL_FAST_MATH = YES;
				ONLY_ACTIVE_ARCH = YES;
				SDKROOT = iphoneos;
			};
			name = Debug;
		};
		22FDF70E21EED765000C189D /* Release */ = {
			isa = XCBuildConfiguration;
			buildSettings = {
				ALWAYS_SEARCH_USER_PATHS = NO;
				CLANG_ANALYZER_NONNULL = YES;
				CLANG_ANALYZER_NUMBER_OBJECT_CONVERSION = YES_AGGRESSIVE;
				CLANG_CXX_LANGUAGE_STANDARD = "gnu++14";
				CLANG_CXX_LIBRARY = "libc++";
				CLANG_ENABLE_MODULES = YES;
				CLANG_ENABLE_OBJC_ARC = YES;
				CLANG_ENABLE_OBJC_WEAK = YES;
				CLANG_WARN_BLOCK_CAPTURE_AUTORELEASING = YES;
				CLANG_WARN_BOOL_CONVERSION = YES;
				CLANG_WARN_COMMA = YES;
				CLANG_WARN_CONSTANT_CONVERSION = YES;
				CLANG_WARN_DEPRECATED_OBJC_IMPLEMENTATIONS = YES;
				CLANG_WARN_DIRECT_OBJC_ISA_USAGE = YES_ERROR;
				CLANG_WARN_DOCUMENTATION_COMMENTS = YES;
				CLANG_WARN_EMPTY_BODY = YES;
				CLANG_WARN_ENUM_CONVERSION = YES;
				CLANG_WARN_INFINITE_RECURSION = YES;
				CLANG_WARN_INT_CONVERSION = YES;
				CLANG_WARN_NON_LITERAL_NULL_CONVERSION = YES;
				CLANG_WARN_OBJC_IMPLICIT_RETAIN_SELF = YES;
				CLANG_WARN_OBJC_LITERAL_CONVERSION = YES;
				CLANG_WARN_OBJC_ROOT_CLASS = YES_ERROR;
				CLANG_WARN_RANGE_LOOP_ANALYSIS = YES;
				CLANG_WARN_STRICT_PROTOTYPES = YES;
				CLANG_WARN_SUSPICIOUS_MOVE = YES;
				CLANG_WARN_UNGUARDED_AVAILABILITY = YES_AGGRESSIVE;
				CLANG_WARN_UNREACHABLE_CODE = YES;
				CLANG_WARN__DUPLICATE_METHOD_MATCH = YES;
				CODE_SIGN_IDENTITY = "iPhone Developer";
				COPY_PHASE_STRIP = NO;
				DEBUG_INFORMATION_FORMAT = "dwarf-with-dsym";
				ENABLE_NS_ASSERTIONS = NO;
				ENABLE_STRICT_OBJC_MSGSEND = YES;
				GCC_C_LANGUAGE_STANDARD = gnu11;
				GCC_NO_COMMON_BLOCKS = YES;
				GCC_WARN_64_TO_32_BIT_CONVERSION = YES;
				GCC_WARN_ABOUT_RETURN_TYPE = YES_ERROR;
				GCC_WARN_UNDECLARED_SELECTOR = YES;
				GCC_WARN_UNINITIALIZED_AUTOS = YES_AGGRESSIVE;
				GCC_WARN_UNUSED_FUNCTION = YES;
				GCC_WARN_UNUSED_VARIABLE = YES;
				IPHONEOS_DEPLOYMENT_TARGET = 12.1;
				MTL_ENABLE_DEBUG_INFO = NO;
				MTL_FAST_MATH = YES;
				SDKROOT = iphoneos;
				VALIDATE_PRODUCT = YES;
			};
			name = Release;
		};
		22FDF71021EED765000C189D /* Debug */ = {
			isa = XCBuildConfiguration;
			baseConfigurationReference = 56988D1D2DCCF6C8769C7EAA /* Pods-PageController.debug.xcconfig */;
			buildSettings = {
				ASSETCATALOG_COMPILER_APPICON_NAME = AppIcon;
				CODE_SIGN_STYLE = Automatic;
				GCC_PRECOMPILE_PREFIX_HEADER = YES;
				GCC_PREFIX_HEADER = "$(SRCROOT)/PageController/PrefixHeader.pch";
				INFOPLIST_FILE = PageController/Info.plist;
				LD_RUNPATH_SEARCH_PATHS = (
					"$(inherited)",
					"@executable_path/Frameworks",
				);
				PRODUCT_BUNDLE_IDENTIFIER = test.PageController;
				PRODUCT_NAME = "$(TARGET_NAME)";
				TARGETED_DEVICE_FAMILY = "1,2";
			};
			name = Debug;
		};
		22FDF71121EED765000C189D /* Release */ = {
			isa = XCBuildConfiguration;
			baseConfigurationReference = 07E2C45AD25FF6D18E94152C /* Pods-PageController.release.xcconfig */;
			buildSettings = {
				ASSETCATALOG_COMPILER_APPICON_NAME = AppIcon;
				CODE_SIGN_STYLE = Automatic;
				GCC_PRECOMPILE_PREFIX_HEADER = YES;
				GCC_PREFIX_HEADER = "$(SRCROOT)/PageController/PrefixHeader.pch";
				INFOPLIST_FILE = PageController/Info.plist;
				LD_RUNPATH_SEARCH_PATHS = (
					"$(inherited)",
					"@executable_path/Frameworks",
				);
				PRODUCT_BUNDLE_IDENTIFIER = test.PageController;
				PRODUCT_NAME = "$(TARGET_NAME)";
				TARGETED_DEVICE_FAMILY = "1,2";
			};
			name = Release;
		};
/* End XCBuildConfiguration section */

/* Begin XCConfigurationList section */
		22FDF6F421EED762000C189D /* Build configuration list for PBXProject "PageController" */ = {
			isa = XCConfigurationList;
			buildConfigurations = (
				22FDF70D21EED765000C189D /* Debug */,
				22FDF70E21EED765000C189D /* Release */,
			);
			defaultConfigurationIsVisible = 0;
			defaultConfigurationName = Release;
		};
		22FDF70F21EED765000C189D /* Build configuration list for PBXNativeTarget "PageController" */ = {
			isa = XCConfigurationList;
			buildConfigurations = (
				22FDF71021EED765000C189D /* Debug */,
				22FDF71121EED765000C189D /* Release */,
			);
			defaultConfigurationIsVisible = 0;
			defaultConfigurationName = Release;
		};
/* End XCConfigurationList section */
	};
	rootObject = 22FDF6F121EED762000C189D /* Project object */;
}
